// !$*UTF8*$!
{
	archiveVersion = 1;
	classes = {
	};
	objectVersion = 55;
	objects = {

/* Begin PBXBuildFile section */
		5F00358E27C406EB00BF5A0F /* LocalLibraryObjectViewModel.swift in Sources */ = {isa = PBXBuildFile; fileRef = 5F00358D27C406EB00BF5A0F /* LocalLibraryObjectViewModel.swift */; };
		5F07670F27D600EB00F2EF52 /* ARViewContainer.swift in Sources */ = {isa = PBXBuildFile; fileRef = 5F07670E27D600EB00F2EF52 /* ARViewContainer.swift */; };
		5F07671327D606B900F2EF52 /* UsdzObjectContainer.swift in Sources */ = {isa = PBXBuildFile; fileRef = 5F07671227D606B900F2EF52 /* UsdzObjectContainer.swift */; };
		5F07671527D607C800F2EF52 /* ARViewInterface.swift in Sources */ = {isa = PBXBuildFile; fileRef = 5F07671427D607C800F2EF52 /* ARViewInterface.swift */; };
		5F07671727D6127F00F2EF52 /* ThumbnailUsdzAddButton.swift in Sources */ = {isa = PBXBuildFile; fileRef = 5F07671627D6127F00F2EF52 /* ThumbnailUsdzAddButton.swift */; };
		5F07671D27D61B5900F2EF52 /* LibraryModel.swift in Sources */ = {isa = PBXBuildFile; fileRef = 5F07671C27D61B5900F2EF52 /* LibraryModel.swift */; };
		5F07672027D6200700F2EF52 /* LocalLibraryObjectView.swift in Sources */ = {isa = PBXBuildFile; fileRef = 5F07671F27D6200700F2EF52 /* LocalLibraryObjectView.swift */; };
		5F1E5F382755992D00AD6B62 /* AppDelegate.swift in Sources */ = {isa = PBXBuildFile; fileRef = 5F1E5F372755992D00AD6B62 /* AppDelegate.swift */; };
		5F1E5F3A2755992D00AD6B62 /* ContentView.swift in Sources */ = {isa = PBXBuildFile; fileRef = 5F1E5F392755992D00AD6B62 /* ContentView.swift */; };
		5F1E5F3C2755992D00AD6B62 /* Experience.rcproject in Sources */ = {isa = PBXBuildFile; fileRef = 5F1E5F3B2755992D00AD6B62 /* Experience.rcproject */; };
		5F1E5F3E2755992F00AD6B62 /* Assets.xcassets in Resources */ = {isa = PBXBuildFile; fileRef = 5F1E5F3D2755992F00AD6B62 /* Assets.xcassets */; };
		5F1E5F412755992F00AD6B62 /* Preview Assets.xcassets in Resources */ = {isa = PBXBuildFile; fileRef = 5F1E5F402755992F00AD6B62 /* Preview Assets.xcassets */; };
		5F1E5F4B2755992F00AD6B62 /* StudioframeTests.swift in Sources */ = {isa = PBXBuildFile; fileRef = 5F1E5F4A2755992F00AD6B62 /* StudioframeTests.swift */; };
		5F1E5F552755992F00AD6B62 /* StudioframeUITests.swift in Sources */ = {isa = PBXBuildFile; fileRef = 5F1E5F542755992F00AD6B62 /* StudioframeUITests.swift */; };
		5F1E5F572755992F00AD6B62 /* StudioframeUITestsLaunchTests.swift in Sources */ = {isa = PBXBuildFile; fileRef = 5F1E5F562755992F00AD6B62 /* StudioframeUITestsLaunchTests.swift */; };
		5F4FFFE127AA081E00690A77 /* hab.reality in Resources */ = {isa = PBXBuildFile; fileRef = 5F4FFFDE27AA081E00690A77 /* hab.reality */; };
		5F4FFFE227AA081E00690A77 /* LunarRover.reality in Resources */ = {isa = PBXBuildFile; fileRef = 5F4FFFDF27AA081E00690A77 /* LunarRover.reality */; };
		5F51C6F227C7939200FE8356 /* NetworkManager.swift in Sources */ = {isa = PBXBuildFile; fileRef = 5F51C6F127C7939200FE8356 /* NetworkManager.swift */; };
		5F69F48127987F6500AF358B /* USDZScrollingMenu.swift in Sources */ = {isa = PBXBuildFile; fileRef = 5F69F48027987F6500AF358B /* USDZScrollingMenu.swift */; };
		5F85746F2786E0BD004503B1 /* ARObjectFileManager.swift in Sources */ = {isa = PBXBuildFile; fileRef = 5F85746E2786E0BD004503B1 /* ARObjectFileManager.swift */; };
		5F8574712786E791004503B1 /* StudioFrameExperience.swift in Sources */ = {isa = PBXBuildFile; fileRef = 5F8574702786E791004503B1 /* StudioFrameExperience.swift */; };
		5F94D50A275E71BF00941292 /* AirForce.usdz in Resources */ = {isa = PBXBuildFile; fileRef = 5F94D509275E71BE00941292 /* AirForce.usdz */; };
		5FB358092772076A00CA03CF /* LibraryListView.swift in Sources */ = {isa = PBXBuildFile; fileRef = 5FB358082772076A00CA03CF /* LibraryListView.swift */; };
		5FB3581127745E5300CA03CF /* CoredataModel.xcdatamodeld in Sources */ = {isa = PBXBuildFile; fileRef = 5FB3580F27745E5300CA03CF /* CoredataModel.xcdatamodeld */; };
		5FB3586D2774694600CA03CF /* CoreDataManager.swift in Sources */ = {isa = PBXBuildFile; fileRef = 5FB3586C2774694600CA03CF /* CoreDataManager.swift */; };
		5FB3586F2774697000CA03CF /* CoreDataContextProvider.swift in Sources */ = {isa = PBXBuildFile; fileRef = 5FB3586E2774697000CA03CF /* CoreDataContextProvider.swift */; };
		5FB3587627746C2700CA03CF /* ItemEntity+CoreDataClass.swift in Sources */ = {isa = PBXBuildFile; fileRef = 5FB3587427746C2700CA03CF /* ItemEntity+CoreDataClass.swift */; };
		5FB3587727746C2700CA03CF /* ItemEntity+CoreDataProperties.swift in Sources */ = {isa = PBXBuildFile; fileRef = 5FB3587527746C2700CA03CF /* ItemEntity+CoreDataProperties.swift */; };
		5FB3587B27746ED600CA03CF /* FileNotDowloadedView.swift in Sources */ = {isa = PBXBuildFile; fileRef = 5FB3587A27746ED600CA03CF /* FileNotDowloadedView.swift */; };
		5FB3587D27746EF600CA03CF /* FileDownloadedView.swift in Sources */ = {isa = PBXBuildFile; fileRef = 5FB3587C27746EF600CA03CF /* FileDownloadedView.swift */; };
		5FE7B02527B441000032EF6E /* ThumbnailGenerator.swift in Sources */ = {isa = PBXBuildFile; fileRef = 5FE7B02427B441000032EF6E /* ThumbnailGenerator.swift */; };
/* End PBXBuildFile section */

/* Begin PBXContainerItemProxy section */
		5F1E5F472755992F00AD6B62 /* PBXContainerItemProxy */ = {
			isa = PBXContainerItemProxy;
			containerPortal = 5F1E5F2C2755992D00AD6B62 /* Project object */;
			proxyType = 1;
			remoteGlobalIDString = 5F1E5F332755992D00AD6B62;
			remoteInfo = Studioframe;
		};
		5F1E5F512755992F00AD6B62 /* PBXContainerItemProxy */ = {
			isa = PBXContainerItemProxy;
			containerPortal = 5F1E5F2C2755992D00AD6B62 /* Project object */;
			proxyType = 1;
			remoteGlobalIDString = 5F1E5F332755992D00AD6B62;
			remoteInfo = Studioframe;
		};
/* End PBXContainerItemProxy section */

/* Begin PBXFileReference section */
		5F00358D27C406EB00BF5A0F /* LocalLibraryObjectViewModel.swift */ = {isa = PBXFileReference; lastKnownFileType = sourcecode.swift; path = LocalLibraryObjectViewModel.swift; sourceTree = "<group>"; };
		5F07670E27D600EB00F2EF52 /* ARViewContainer.swift */ = {isa = PBXFileReference; lastKnownFileType = sourcecode.swift; path = ARViewContainer.swift; sourceTree = "<group>"; };
		5F07671227D606B900F2EF52 /* UsdzObjectContainer.swift */ = {isa = PBXFileReference; lastKnownFileType = sourcecode.swift; path = UsdzObjectContainer.swift; sourceTree = "<group>"; };
		5F07671427D607C800F2EF52 /* ARViewInterface.swift */ = {isa = PBXFileReference; lastKnownFileType = sourcecode.swift; path = ARViewInterface.swift; sourceTree = "<group>"; };
		5F07671627D6127F00F2EF52 /* ThumbnailUsdzAddButton.swift */ = {isa = PBXFileReference; lastKnownFileType = sourcecode.swift; path = ThumbnailUsdzAddButton.swift; sourceTree = "<group>"; };
		5F07671C27D61B5900F2EF52 /* LibraryModel.swift */ = {isa = PBXFileReference; lastKnownFileType = sourcecode.swift; path = LibraryModel.swift; sourceTree = "<group>"; };
		5F07671F27D6200700F2EF52 /* LocalLibraryObjectView.swift */ = {isa = PBXFileReference; lastKnownFileType = sourcecode.swift; path = LocalLibraryObjectView.swift; sourceTree = "<group>"; };
		5F1E5F342755992D00AD6B62 /* Studioframe.app */ = {isa = PBXFileReference; explicitFileType = wrapper.application; includeInIndex = 0; path = Studioframe.app; sourceTree = BUILT_PRODUCTS_DIR; };
		5F1E5F372755992D00AD6B62 /* AppDelegate.swift */ = {isa = PBXFileReference; lastKnownFileType = sourcecode.swift; path = AppDelegate.swift; sourceTree = "<group>"; };
		5F1E5F392755992D00AD6B62 /* ContentView.swift */ = {isa = PBXFileReference; lastKnownFileType = sourcecode.swift; path = ContentView.swift; sourceTree = "<group>"; };
		5F1E5F3B2755992D00AD6B62 /* Experience.rcproject */ = {isa = PBXFileReference; lastKnownFileType = file.rcproject; path = Experience.rcproject; sourceTree = "<group>"; };
		5F1E5F3D2755992F00AD6B62 /* Assets.xcassets */ = {isa = PBXFileReference; lastKnownFileType = folder.assetcatalog; path = Assets.xcassets; sourceTree = "<group>"; };
		5F1E5F402755992F00AD6B62 /* Preview Assets.xcassets */ = {isa = PBXFileReference; lastKnownFileType = folder.assetcatalog; path = "Preview Assets.xcassets"; sourceTree = "<group>"; };
		5F1E5F462755992F00AD6B62 /* StudioframeTests.xctest */ = {isa = PBXFileReference; explicitFileType = wrapper.cfbundle; includeInIndex = 0; path = StudioframeTests.xctest; sourceTree = BUILT_PRODUCTS_DIR; };
		5F1E5F4A2755992F00AD6B62 /* StudioframeTests.swift */ = {isa = PBXFileReference; lastKnownFileType = sourcecode.swift; path = StudioframeTests.swift; sourceTree = "<group>"; };
		5F1E5F502755992F00AD6B62 /* StudioframeUITests.xctest */ = {isa = PBXFileReference; explicitFileType = wrapper.cfbundle; includeInIndex = 0; path = StudioframeUITests.xctest; sourceTree = BUILT_PRODUCTS_DIR; };
		5F1E5F542755992F00AD6B62 /* StudioframeUITests.swift */ = {isa = PBXFileReference; lastKnownFileType = sourcecode.swift; path = StudioframeUITests.swift; sourceTree = "<group>"; };
		5F1E5F562755992F00AD6B62 /* StudioframeUITestsLaunchTests.swift */ = {isa = PBXFileReference; lastKnownFileType = sourcecode.swift; path = StudioframeUITestsLaunchTests.swift; sourceTree = "<group>"; };
		5F4FFFDE27AA081E00690A77 /* hab.reality */ = {isa = PBXFileReference; lastKnownFileType = file; path = hab.reality; sourceTree = "<group>"; };
		5F4FFFDF27AA081E00690A77 /* LunarRover.reality */ = {isa = PBXFileReference; lastKnownFileType = file; path = LunarRover.reality; sourceTree = "<group>"; };
		5F51C6F127C7939200FE8356 /* NetworkManager.swift */ = {isa = PBXFileReference; lastKnownFileType = sourcecode.swift; path = NetworkManager.swift; sourceTree = "<group>"; };
		5F69F48027987F6500AF358B /* USDZScrollingMenu.swift */ = {isa = PBXFileReference; lastKnownFileType = sourcecode.swift; path = USDZScrollingMenu.swift; sourceTree = "<group>"; };
		5F85746E2786E0BD004503B1 /* ARObjectFileManager.swift */ = {isa = PBXFileReference; lastKnownFileType = sourcecode.swift; path = ARObjectFileManager.swift; sourceTree = "<group>"; };
		5F8574702786E791004503B1 /* StudioFrameExperience.swift */ = {isa = PBXFileReference; lastKnownFileType = sourcecode.swift; path = StudioFrameExperience.swift; sourceTree = "<group>"; };
		5F94D509275E71BE00941292 /* AirForce.usdz */ = {isa = PBXFileReference; lastKnownFileType = file.usdz; path = AirForce.usdz; sourceTree = "<group>"; };
		5FB358082772076A00CA03CF /* LibraryListView.swift */ = {isa = PBXFileReference; lastKnownFileType = sourcecode.swift; path = LibraryListView.swift; sourceTree = "<group>"; };
		5FB3581027745E5300CA03CF /* CoredataModel.xcdatamodel */ = {isa = PBXFileReference; lastKnownFileType = wrapper.xcdatamodel; path = CoredataModel.xcdatamodel; sourceTree = "<group>"; };
		5FB3586C2774694600CA03CF /* CoreDataManager.swift */ = {isa = PBXFileReference; lastKnownFileType = sourcecode.swift; path = CoreDataManager.swift; sourceTree = "<group>"; };
		5FB3586E2774697000CA03CF /* CoreDataContextProvider.swift */ = {isa = PBXFileReference; lastKnownFileType = sourcecode.swift; path = CoreDataContextProvider.swift; sourceTree = "<group>"; };
		5FB3587427746C2700CA03CF /* ItemEntity+CoreDataClass.swift */ = {isa = PBXFileReference; lastKnownFileType = sourcecode.swift; path = "ItemEntity+CoreDataClass.swift"; sourceTree = "<group>"; };
		5FB3587527746C2700CA03CF /* ItemEntity+CoreDataProperties.swift */ = {isa = PBXFileReference; lastKnownFileType = sourcecode.swift; path = "ItemEntity+CoreDataProperties.swift"; sourceTree = "<group>"; };
		5FB3587A27746ED600CA03CF /* FileNotDowloadedView.swift */ = {isa = PBXFileReference; lastKnownFileType = sourcecode.swift; path = FileNotDowloadedView.swift; sourceTree = "<group>"; };
		5FB3587C27746EF600CA03CF /* FileDownloadedView.swift */ = {isa = PBXFileReference; lastKnownFileType = sourcecode.swift; path = FileDownloadedView.swift; sourceTree = "<group>"; };
		5FE7B02427B441000032EF6E /* ThumbnailGenerator.swift */ = {isa = PBXFileReference; lastKnownFileType = sourcecode.swift; path = ThumbnailGenerator.swift; sourceTree = "<group>"; };
/* End PBXFileReference section */

/* Begin PBXFrameworksBuildPhase section */
		5F1E5F312755992D00AD6B62 /* Frameworks */ = {
			isa = PBXFrameworksBuildPhase;
			buildActionMask = 2147483647;
			files = (
			);
			runOnlyForDeploymentPostprocessing = 0;
		};
		5F1E5F432755992F00AD6B62 /* Frameworks */ = {
			isa = PBXFrameworksBuildPhase;
			buildActionMask = 2147483647;
			files = (
			);
			runOnlyForDeploymentPostprocessing = 0;
		};
		5F1E5F4D2755992F00AD6B62 /* Frameworks */ = {
			isa = PBXFrameworksBuildPhase;
			buildActionMask = 2147483647;
			files = (
			);
			runOnlyForDeploymentPostprocessing = 0;
		};
/* End PBXFrameworksBuildPhase section */

/* Begin PBXGroup section */
		5F07671827D616AA00F2EF52 /* USDZScrollingMenu */ = {
			isa = PBXGroup;
			children = (
				5F69F48027987F6500AF358B /* USDZScrollingMenu.swift */,
				5F07671927D616E900F2EF52 /* Thumbnail */,
			);
			path = USDZScrollingMenu;
			sourceTree = "<group>";
		};
		5F07671927D616E900F2EF52 /* Thumbnail */ = {
			isa = PBXGroup;
			children = (
				5F07671227D606B900F2EF52 /* UsdzObjectContainer.swift */,
				5F07671627D6127F00F2EF52 /* ThumbnailUsdzAddButton.swift */,
				5FE7B02427B441000032EF6E /* ThumbnailGenerator.swift */,
			);
			path = Thumbnail;
			sourceTree = "<group>";
		};
		5F07671A27D6173A00F2EF52 /* ARView */ = {
			isa = PBXGroup;
			children = (
				5F07670E27D600EB00F2EF52 /* ARViewContainer.swift */,
				5F8574702786E791004503B1 /* StudioFrameExperience.swift */,
				5F1E5F3B2755992D00AD6B62 /* Experience.rcproject */,
			);
			path = ARView;
			sourceTree = "<group>";
		};
		5F07671B27D6180600F2EF52 /* Files - Supporting Files */ = {
			isa = PBXGroup;
			children = (
				5F1E5F372755992D00AD6B62 /* AppDelegate.swift */,
				5F1E5F3D2755992F00AD6B62 /* Assets.xcassets */,
				5F1E5F3F2755992F00AD6B62 /* Preview Content */,
				5F94D508275E71A700941292 /* Usdz files */,
			);
			path = "Files - Supporting Files";
			sourceTree = "<group>";
		};
		5F1E5F2B2755992D00AD6B62 = {
			isa = PBXGroup;
			children = (
				5F1E5F362755992D00AD6B62 /* Studioframe */,
				5F1E5F492755992F00AD6B62 /* StudioframeTests */,
				5F1E5F532755992F00AD6B62 /* StudioframeUITests */,
				5F1E5F352755992D00AD6B62 /* Products */,
			);
			sourceTree = "<group>";
		};
		5F1E5F352755992D00AD6B62 /* Products */ = {
			isa = PBXGroup;
			children = (
				5F1E5F342755992D00AD6B62 /* Studioframe.app */,
				5F1E5F462755992F00AD6B62 /* StudioframeTests.xctest */,
				5F1E5F502755992F00AD6B62 /* StudioframeUITests.xctest */,
			);
			name = Products;
			sourceTree = "<group>";
		};
		5F1E5F362755992D00AD6B62 /* Studioframe */ = {
			isa = PBXGroup;
			children = (
				5FB3580C27745C2F00CA03CF /* Model */,
				5FB3580B27745C2600CA03CF /* View */,
				5F07671B27D6180600F2EF52 /* Files - Supporting Files */,
			);
			path = Studioframe;
			sourceTree = "<group>";
		};
		5F1E5F3F2755992F00AD6B62 /* Preview Content */ = {
			isa = PBXGroup;
			children = (
				5F1E5F402755992F00AD6B62 /* Preview Assets.xcassets */,
			);
			path = "Preview Content";
			sourceTree = "<group>";
		};
		5F1E5F492755992F00AD6B62 /* StudioframeTests */ = {
			isa = PBXGroup;
			children = (
				5F1E5F4A2755992F00AD6B62 /* StudioframeTests.swift */,
			);
			path = StudioframeTests;
			sourceTree = "<group>";
		};
		5F1E5F532755992F00AD6B62 /* StudioframeUITests */ = {
			isa = PBXGroup;
			children = (
				5F1E5F542755992F00AD6B62 /* StudioframeUITests.swift */,
				5F1E5F562755992F00AD6B62 /* StudioframeUITestsLaunchTests.swift */,
			);
			path = StudioframeUITests;
			sourceTree = "<group>";
		};
		5F85746D2786E0AC004503B1 /* FileManager */ = {
			isa = PBXGroup;
			children = (
				5F85746E2786E0BD004503B1 /* ARObjectFileManager.swift */,
			);
			path = FileManager;
			sourceTree = "<group>";
		};
		5F94D508275E71A700941292 /* Usdz files */ = {
			isa = PBXGroup;
			children = (
				5F94D509275E71BE00941292 /* AirForce.usdz */,
				5F4FFFDE27AA081E00690A77 /* hab.reality */,
				5F4FFFDF27AA081E00690A77 /* LunarRover.reality */,
			);
			path = "Usdz files";
			sourceTree = "<group>";
		};
		5FB3580B27745C2600CA03CF /* View */ = {
			isa = PBXGroup;
			children = (
				5FB3587927746E8C00CA03CF /* ARView */,
				5FB3587827746E7500CA03CF /* Library */,
			);
			path = View;
			sourceTree = "<group>";
		};
		5FB3580C27745C2F00CA03CF /* Model */ = {
			isa = PBXGroup;
			children = (
				5F07671C27D61B5900F2EF52 /* LibraryModel.swift */,
				5F85746D2786E0AC004503B1 /* FileManager */,
				5FB3580E27745E2300CA03CF /* Network  */,
				5FB3580D27745E1B00CA03CF /* CoreData */,
			);
			path = Model;
			sourceTree = "<group>";
		};
		5FB3580D27745E1B00CA03CF /* CoreData */ = {
			isa = PBXGroup;
			children = (
				5FB3587427746C2700CA03CF /* ItemEntity+CoreDataClass.swift */,
				5FB3587527746C2700CA03CF /* ItemEntity+CoreDataProperties.swift */,
				5FB3580F27745E5300CA03CF /* CoredataModel.xcdatamodeld */,
				5FB3586C2774694600CA03CF /* CoreDataManager.swift */,
				5FB3586E2774697000CA03CF /* CoreDataContextProvider.swift */,
			);
			path = CoreData;
			sourceTree = "<group>";
		};
		5FB3580E27745E2300CA03CF /* Network  */ = {
			isa = PBXGroup;
			children = (
				5F51C6F127C7939200FE8356 /* NetworkManager.swift */,
			);
			path = "Network ";
			sourceTree = "<group>";
		};
		5FB3587827746E7500CA03CF /* Library */ = {
			isa = PBXGroup;
			children = (
				5FB358082772076A00CA03CF /* LibraryListView.swift */,
				5F07671F27D6200700F2EF52 /* LocalLibraryObjectView.swift */,
				5F00358D27C406EB00BF5A0F /* LocalLibraryObjectViewModel.swift */,
				5FB3587A27746ED600CA03CF /* FileNotDowloadedView.swift */,
				5FB3587C27746EF600CA03CF /* FileDownloadedView.swift */,
			);
			path = Library;
			sourceTree = "<group>";
		};
		5FB3587927746E8C00CA03CF /* ARView */ = {
			isa = PBXGroup;
			children = (
				5F1E5F392755992D00AD6B62 /* ContentView.swift */,
				5F07671427D607C800F2EF52 /* ARViewInterface.swift */,
				5F07671A27D6173A00F2EF52 /* ARView */,
				5F07671827D616AA00F2EF52 /* USDZScrollingMenu */,
			);
			path = ARView;
			sourceTree = "<group>";
		};
/* End PBXGroup section */

/* Begin PBXNativeTarget section */
		5F1E5F332755992D00AD6B62 /* Studioframe */ = {
			isa = PBXNativeTarget;
			buildConfigurationList = 5F1E5F5A2755992F00AD6B62 /* Build configuration list for PBXNativeTarget "Studioframe" */;
			buildPhases = (
				5F1E5F302755992D00AD6B62 /* Sources */,
				5F1E5F312755992D00AD6B62 /* Frameworks */,
				5F1E5F322755992D00AD6B62 /* Resources */,
			);
			buildRules = (
			);
			dependencies = (
			);
			name = Studioframe;
			productName = Studioframe;
			productReference = 5F1E5F342755992D00AD6B62 /* Studioframe.app */;
			productType = "com.apple.product-type.application";
		};
		5F1E5F452755992F00AD6B62 /* StudioframeTests */ = {
			isa = PBXNativeTarget;
			buildConfigurationList = 5F1E5F5D2755992F00AD6B62 /* Build configuration list for PBXNativeTarget "StudioframeTests" */;
			buildPhases = (
				5F1E5F422755992F00AD6B62 /* Sources */,
				5F1E5F432755992F00AD6B62 /* Frameworks */,
				5F1E5F442755992F00AD6B62 /* Resources */,
			);
			buildRules = (
			);
			dependencies = (
				5F1E5F482755992F00AD6B62 /* PBXTargetDependency */,
			);
			name = StudioframeTests;
			productName = StudioframeTests;
			productReference = 5F1E5F462755992F00AD6B62 /* StudioframeTests.xctest */;
			productType = "com.apple.product-type.bundle.unit-test";
		};
		5F1E5F4F2755992F00AD6B62 /* StudioframeUITests */ = {
			isa = PBXNativeTarget;
			buildConfigurationList = 5F1E5F602755992F00AD6B62 /* Build configuration list for PBXNativeTarget "StudioframeUITests" */;
			buildPhases = (
				5F1E5F4C2755992F00AD6B62 /* Sources */,
				5F1E5F4D2755992F00AD6B62 /* Frameworks */,
				5F1E5F4E2755992F00AD6B62 /* Resources */,
			);
			buildRules = (
			);
			dependencies = (
				5F1E5F522755992F00AD6B62 /* PBXTargetDependency */,
			);
			name = StudioframeUITests;
			productName = StudioframeUITests;
			productReference = 5F1E5F502755992F00AD6B62 /* StudioframeUITests.xctest */;
			productType = "com.apple.product-type.bundle.ui-testing";
		};
/* End PBXNativeTarget section */

/* Begin PBXProject section */
		5F1E5F2C2755992D00AD6B62 /* Project object */ = {
			isa = PBXProject;
			attributes = {
				BuildIndependentTargetsInParallel = 1;
				LastSwiftUpdateCheck = 1310;
				LastUpgradeCheck = 1310;
				TargetAttributes = {
					5F1E5F332755992D00AD6B62 = {
						CreatedOnToolsVersion = 13.1;
					};
					5F1E5F452755992F00AD6B62 = {
						CreatedOnToolsVersion = 13.1;
						TestTargetID = 5F1E5F332755992D00AD6B62;
					};
					5F1E5F4F2755992F00AD6B62 = {
						CreatedOnToolsVersion = 13.1;
						TestTargetID = 5F1E5F332755992D00AD6B62;
					};
				};
			};
			buildConfigurationList = 5F1E5F2F2755992D00AD6B62 /* Build configuration list for PBXProject "Studioframe" */;
			compatibilityVersion = "Xcode 13.0";
			developmentRegion = en;
			hasScannedForEncodings = 0;
			knownRegions = (
				en,
				Base,
			);
			mainGroup = 5F1E5F2B2755992D00AD6B62;
			productRefGroup = 5F1E5F352755992D00AD6B62 /* Products */;
			projectDirPath = "";
			projectRoot = "";
			targets = (
				5F1E5F332755992D00AD6B62 /* Studioframe */,
				5F1E5F452755992F00AD6B62 /* StudioframeTests */,
				5F1E5F4F2755992F00AD6B62 /* StudioframeUITests */,
			);
		};
/* End PBXProject section */

/* Begin PBXResourcesBuildPhase section */
		5F1E5F322755992D00AD6B62 /* Resources */ = {
			isa = PBXResourcesBuildPhase;
			buildActionMask = 2147483647;
			files = (
				5F1E5F412755992F00AD6B62 /* Preview Assets.xcassets in Resources */,
				5F1E5F3E2755992F00AD6B62 /* Assets.xcassets in Resources */,
				5F4FFFE227AA081E00690A77 /* LunarRover.reality in Resources */,
				5F94D50A275E71BF00941292 /* AirForce.usdz in Resources */,
				5F4FFFE127AA081E00690A77 /* hab.reality in Resources */,
			);
			runOnlyForDeploymentPostprocessing = 0;
		};
		5F1E5F442755992F00AD6B62 /* Resources */ = {
			isa = PBXResourcesBuildPhase;
			buildActionMask = 2147483647;
			files = (
			);
			runOnlyForDeploymentPostprocessing = 0;
		};
		5F1E5F4E2755992F00AD6B62 /* Resources */ = {
			isa = PBXResourcesBuildPhase;
			buildActionMask = 2147483647;
			files = (
			);
			runOnlyForDeploymentPostprocessing = 0;
		};
/* End PBXResourcesBuildPhase section */

/* Begin PBXSourcesBuildPhase section */
		5F1E5F302755992D00AD6B62 /* Sources */ = {
			isa = PBXSourcesBuildPhase;
			buildActionMask = 2147483647;
			files = (
				5FB3587B27746ED600CA03CF /* FileNotDowloadedView.swift in Sources */,
				5F07672027D6200700F2EF52 /* LocalLibraryObjectView.swift in Sources */,
				5FE7B02527B441000032EF6E /* ThumbnailGenerator.swift in Sources */,
				5F07671D27D61B5900F2EF52 /* LibraryModel.swift in Sources */,
				5FB3587D27746EF600CA03CF /* FileDownloadedView.swift in Sources */,
				5F69F48127987F6500AF358B /* USDZScrollingMenu.swift in Sources */,
				5FB3586D2774694600CA03CF /* CoreDataManager.swift in Sources */,
				5F07671727D6127F00F2EF52 /* ThumbnailUsdzAddButton.swift in Sources */,
				5F07670F27D600EB00F2EF52 /* ARViewContainer.swift in Sources */,
				5F85746F2786E0BD004503B1 /* ARObjectFileManager.swift in Sources */,
				5FB3587627746C2700CA03CF /* ItemEntity+CoreDataClass.swift in Sources */,
				5F07671327D606B900F2EF52 /* UsdzObjectContainer.swift in Sources */,
				5FB358092772076A00CA03CF /* LibraryListView.swift in Sources */,
				5F8574712786E791004503B1 /* StudioFrameExperience.swift in Sources */,
				5F07671527D607C800F2EF52 /* ARViewInterface.swift in Sources */,
				5FB3587727746C2700CA03CF /* ItemEntity+CoreDataProperties.swift in Sources */,
				5F51C6F227C7939200FE8356 /* NetworkManager.swift in Sources */,
				5FB3586F2774697000CA03CF /* CoreDataContextProvider.swift in Sources */,
				5F1E5F3A2755992D00AD6B62 /* ContentView.swift in Sources */,
				5FB3581127745E5300CA03CF /* CoredataModel.xcdatamodeld in Sources */,
				5F1E5F382755992D00AD6B62 /* AppDelegate.swift in Sources */,
				5F1E5F3C2755992D00AD6B62 /* Experience.rcproject in Sources */,
				5F00358E27C406EB00BF5A0F /* LocalLibraryObjectViewModel.swift in Sources */,
			);
			runOnlyForDeploymentPostprocessing = 0;
		};
		5F1E5F422755992F00AD6B62 /* Sources */ = {
			isa = PBXSourcesBuildPhase;
			buildActionMask = 2147483647;
			files = (
				5F1E5F4B2755992F00AD6B62 /* StudioframeTests.swift in Sources */,
			);
			runOnlyForDeploymentPostprocessing = 0;
		};
		5F1E5F4C2755992F00AD6B62 /* Sources */ = {
			isa = PBXSourcesBuildPhase;
			buildActionMask = 2147483647;
			files = (
				5F1E5F572755992F00AD6B62 /* StudioframeUITestsLaunchTests.swift in Sources */,
				5F1E5F552755992F00AD6B62 /* StudioframeUITests.swift in Sources */,
			);
			runOnlyForDeploymentPostprocessing = 0;
		};
/* End PBXSourcesBuildPhase section */

/* Begin PBXTargetDependency section */
		5F1E5F482755992F00AD6B62 /* PBXTargetDependency */ = {
			isa = PBXTargetDependency;
			target = 5F1E5F332755992D00AD6B62 /* Studioframe */;
			targetProxy = 5F1E5F472755992F00AD6B62 /* PBXContainerItemProxy */;
		};
		5F1E5F522755992F00AD6B62 /* PBXTargetDependency */ = {
			isa = PBXTargetDependency;
			target = 5F1E5F332755992D00AD6B62 /* Studioframe */;
			targetProxy = 5F1E5F512755992F00AD6B62 /* PBXContainerItemProxy */;
		};
/* End PBXTargetDependency section */

/* Begin XCBuildConfiguration section */
		5F1E5F582755992F00AD6B62 /* Debug */ = {
			isa = XCBuildConfiguration;
			buildSettings = {
				ALWAYS_SEARCH_USER_PATHS = NO;
				CLANG_ANALYZER_NONNULL = YES;
				CLANG_ANALYZER_NUMBER_OBJECT_CONVERSION = YES_AGGRESSIVE;
				CLANG_CXX_LANGUAGE_STANDARD = "gnu++17";
				CLANG_CXX_LIBRARY = "libc++";
				CLANG_ENABLE_MODULES = YES;
				CLANG_ENABLE_OBJC_ARC = YES;
				CLANG_ENABLE_OBJC_WEAK = YES;
				CLANG_WARN_BLOCK_CAPTURE_AUTORELEASING = YES;
				CLANG_WARN_BOOL_CONVERSION = YES;
				CLANG_WARN_COMMA = YES;
				CLANG_WARN_CONSTANT_CONVERSION = YES;
				CLANG_WARN_DEPRECATED_OBJC_IMPLEMENTATIONS = YES;
				CLANG_WARN_DIRECT_OBJC_ISA_USAGE = YES_ERROR;
				CLANG_WARN_DOCUMENTATION_COMMENTS = YES;
				CLANG_WARN_EMPTY_BODY = YES;
				CLANG_WARN_ENUM_CONVERSION = YES;
				CLANG_WARN_INFINITE_RECURSION = YES;
				CLANG_WARN_INT_CONVERSION = YES;
				CLANG_WARN_NON_LITERAL_NULL_CONVERSION = YES;
				CLANG_WARN_OBJC_IMPLICIT_RETAIN_SELF = YES;
				CLANG_WARN_OBJC_LITERAL_CONVERSION = YES;
				CLANG_WARN_OBJC_ROOT_CLASS = YES_ERROR;
				CLANG_WARN_QUOTED_INCLUDE_IN_FRAMEWORK_HEADER = YES;
				CLANG_WARN_RANGE_LOOP_ANALYSIS = YES;
				CLANG_WARN_STRICT_PROTOTYPES = YES;
				CLANG_WARN_SUSPICIOUS_MOVE = YES;
				CLANG_WARN_UNGUARDED_AVAILABILITY = YES_AGGRESSIVE;
				CLANG_WARN_UNREACHABLE_CODE = YES;
				CLANG_WARN__DUPLICATE_METHOD_MATCH = YES;
				COPY_PHASE_STRIP = NO;
				DEBUG_INFORMATION_FORMAT = dwarf;
				ENABLE_STRICT_OBJC_MSGSEND = YES;
				ENABLE_TESTABILITY = YES;
				GCC_C_LANGUAGE_STANDARD = gnu11;
				GCC_DYNAMIC_NO_PIC = NO;
				GCC_NO_COMMON_BLOCKS = YES;
				GCC_OPTIMIZATION_LEVEL = 0;
				GCC_PREPROCESSOR_DEFINITIONS = (
					"DEBUG=1",
					"$(inherited)",
				);
				GCC_WARN_64_TO_32_BIT_CONVERSION = YES;
				GCC_WARN_ABOUT_RETURN_TYPE = YES_ERROR;
				GCC_WARN_UNDECLARED_SELECTOR = YES;
				GCC_WARN_UNINITIALIZED_AUTOS = YES_AGGRESSIVE;
				GCC_WARN_UNUSED_FUNCTION = YES;
				GCC_WARN_UNUSED_VARIABLE = YES;
				IPHONEOS_DEPLOYMENT_TARGET = 15.0;
				MTL_ENABLE_DEBUG_INFO = INCLUDE_SOURCE;
				MTL_FAST_MATH = YES;
				ONLY_ACTIVE_ARCH = YES;
				SDKROOT = iphoneos;
				SWIFT_ACTIVE_COMPILATION_CONDITIONS = DEBUG;
				SWIFT_OPTIMIZATION_LEVEL = "-Onone";
			};
			name = Debug;
		};
		5F1E5F592755992F00AD6B62 /* Release */ = {
			isa = XCBuildConfiguration;
			buildSettings = {
				ALWAYS_SEARCH_USER_PATHS = NO;
				CLANG_ANALYZER_NONNULL = YES;
				CLANG_ANALYZER_NUMBER_OBJECT_CONVERSION = YES_AGGRESSIVE;
				CLANG_CXX_LANGUAGE_STANDARD = "gnu++17";
				CLANG_CXX_LIBRARY = "libc++";
				CLANG_ENABLE_MODULES = YES;
				CLANG_ENABLE_OBJC_ARC = YES;
				CLANG_ENABLE_OBJC_WEAK = YES;
				CLANG_WARN_BLOCK_CAPTURE_AUTORELEASING = YES;
				CLANG_WARN_BOOL_CONVERSION = YES;
				CLANG_WARN_COMMA = YES;
				CLANG_WARN_CONSTANT_CONVERSION = YES;
				CLANG_WARN_DEPRECATED_OBJC_IMPLEMENTATIONS = YES;
				CLANG_WARN_DIRECT_OBJC_ISA_USAGE = YES_ERROR;
				CLANG_WARN_DOCUMENTATION_COMMENTS = YES;
				CLANG_WARN_EMPTY_BODY = YES;
				CLANG_WARN_ENUM_CONVERSION = YES;
				CLANG_WARN_INFINITE_RECURSION = YES;
				CLANG_WARN_INT_CONVERSION = YES;
				CLANG_WARN_NON_LITERAL_NULL_CONVERSION = YES;
				CLANG_WARN_OBJC_IMPLICIT_RETAIN_SELF = YES;
				CLANG_WARN_OBJC_LITERAL_CONVERSION = YES;
				CLANG_WARN_OBJC_ROOT_CLASS = YES_ERROR;
				CLANG_WARN_QUOTED_INCLUDE_IN_FRAMEWORK_HEADER = YES;
				CLANG_WARN_RANGE_LOOP_ANALYSIS = YES;
				CLANG_WARN_STRICT_PROTOTYPES = YES;
				CLANG_WARN_SUSPICIOUS_MOVE = YES;
				CLANG_WARN_UNGUARDED_AVAILABILITY = YES_AGGRESSIVE;
				CLANG_WARN_UNREACHABLE_CODE = YES;
				CLANG_WARN__DUPLICATE_METHOD_MATCH = YES;
				COPY_PHASE_STRIP = NO;
				DEBUG_INFORMATION_FORMAT = "dwarf-with-dsym";
				ENABLE_NS_ASSERTIONS = NO;
				ENABLE_STRICT_OBJC_MSGSEND = YES;
				GCC_C_LANGUAGE_STANDARD = gnu11;
				GCC_NO_COMMON_BLOCKS = YES;
				GCC_WARN_64_TO_32_BIT_CONVERSION = YES;
				GCC_WARN_ABOUT_RETURN_TYPE = YES_ERROR;
				GCC_WARN_UNDECLARED_SELECTOR = YES;
				GCC_WARN_UNINITIALIZED_AUTOS = YES_AGGRESSIVE;
				GCC_WARN_UNUSED_FUNCTION = YES;
				GCC_WARN_UNUSED_VARIABLE = YES;
				IPHONEOS_DEPLOYMENT_TARGET = 15.0;
				MTL_ENABLE_DEBUG_INFO = NO;
				MTL_FAST_MATH = YES;
				SDKROOT = iphoneos;
				SWIFT_COMPILATION_MODE = wholemodule;
				SWIFT_OPTIMIZATION_LEVEL = "-O";
				VALIDATE_PRODUCT = YES;
			};
			name = Release;
		};
		5F1E5F5B2755992F00AD6B62 /* Debug */ = {
			isa = XCBuildConfiguration;
			buildSettings = {
				ASSETCATALOG_COMPILER_APPICON_NAME = AppIcon;
				ASSETCATALOG_COMPILER_GLOBAL_ACCENT_COLOR_NAME = AccentColor;
				CODE_SIGN_STYLE = Automatic;
				CURRENT_PROJECT_VERSION = 1;
				DEVELOPMENT_ASSET_PATHS = "\"Studioframe/Files - Supporting Files\"";
				DEVELOPMENT_TEAM = 578R27WKR9;
				ENABLE_PREVIEWS = YES;
				GENERATE_INFOPLIST_FILE = YES;
				INFOPLIST_KEY_NSCameraUsageDescription = "";
				INFOPLIST_KEY_UIApplicationSupportsIndirectInputEvents = YES;
				INFOPLIST_KEY_UILaunchScreen_Generation = YES;
				INFOPLIST_KEY_UIRequiredDeviceCapabilities = arkit;
				INFOPLIST_KEY_UIStatusBarHidden = YES;
				INFOPLIST_KEY_UISupportedInterfaceOrientations = UIInterfaceOrientationPortrait;
				INFOPLIST_KEY_UISupportedInterfaceOrientations_iPad = "UIInterfaceOrientationPortrait UIInterfaceOrientationPortraitUpsideDown UIInterfaceOrientationLandscapeLeft UIInterfaceOrientationLandscapeRight";
				INFOPLIST_KEY_UISupportedInterfaceOrientations_iPhone = UIInterfaceOrientationPortrait;
				IPHONEOS_DEPLOYMENT_TARGET = 15.0;
				LD_RUNPATH_SEARCH_PATHS = (
					"$(inherited)",
					"@executable_path/Frameworks",
				);
				MARKETING_VERSION = 1.0;
				PRODUCT_BUNDLE_IDENTIFIER = "Fabien-Dietrich.Studioframe";
				PRODUCT_NAME = "$(TARGET_NAME)";
				SWIFT_EMIT_LOC_STRINGS = YES;
				SWIFT_VERSION = 5.0;
				TARGETED_DEVICE_FAMILY = "1,2";
			};
			name = Debug;
		};
		5F1E5F5C2755992F00AD6B62 /* Release */ = {
			isa = XCBuildConfiguration;
			buildSettings = {
				ASSETCATALOG_COMPILER_APPICON_NAME = AppIcon;
				ASSETCATALOG_COMPILER_GLOBAL_ACCENT_COLOR_NAME = AccentColor;
				CODE_SIGN_STYLE = Automatic;
				CURRENT_PROJECT_VERSION = 1;
				DEVELOPMENT_ASSET_PATHS = "\"Studioframe/Files - Supporting Files\"";
				DEVELOPMENT_TEAM = 578R27WKR9;
				ENABLE_PREVIEWS = YES;
				GENERATE_INFOPLIST_FILE = YES;
				INFOPLIST_KEY_NSCameraUsageDescription = "";
				INFOPLIST_KEY_UIApplicationSupportsIndirectInputEvents = YES;
				INFOPLIST_KEY_UILaunchScreen_Generation = YES;
				INFOPLIST_KEY_UIRequiredDeviceCapabilities = arkit;
				INFOPLIST_KEY_UIStatusBarHidden = YES;
				INFOPLIST_KEY_UISupportedInterfaceOrientations = UIInterfaceOrientationPortrait;
				INFOPLIST_KEY_UISupportedInterfaceOrientations_iPad = "UIInterfaceOrientationPortrait UIInterfaceOrientationPortraitUpsideDown UIInterfaceOrientationLandscapeLeft UIInterfaceOrientationLandscapeRight";
				INFOPLIST_KEY_UISupportedInterfaceOrientations_iPhone = UIInterfaceOrientationPortrait;
				IPHONEOS_DEPLOYMENT_TARGET = 15.0;
				LD_RUNPATH_SEARCH_PATHS = (
					"$(inherited)",
					"@executable_path/Frameworks",
				);
				MARKETING_VERSION = 1.0;
				PRODUCT_BUNDLE_IDENTIFIER = "Fabien-Dietrich.Studioframe";
				PRODUCT_NAME = "$(TARGET_NAME)";
				SWIFT_EMIT_LOC_STRINGS = YES;
				SWIFT_VERSION = 5.0;
				TARGETED_DEVICE_FAMILY = "1,2";
			};
			name = Release;
		};
		5F1E5F5E2755992F00AD6B62 /* Debug */ = {
			isa = XCBuildConfiguration;
			buildSettings = {
				ALWAYS_EMBED_SWIFT_STANDARD_LIBRARIES = YES;
				BUNDLE_LOADER = "$(TEST_HOST)";
				CODE_SIGN_STYLE = Automatic;
				CURRENT_PROJECT_VERSION = 1;
				DEVELOPMENT_TEAM = 578R27WKR9;
				GENERATE_INFOPLIST_FILE = YES;
				IPHONEOS_DEPLOYMENT_TARGET = 15.0;
				LD_RUNPATH_SEARCH_PATHS = (
					"$(inherited)",
					"@executable_path/Frameworks",
					"@loader_path/Frameworks",
				);
				MARKETING_VERSION = 1.0;
				PRODUCT_BUNDLE_IDENTIFIER = "Fabien-Dietrich.StudioframeTests";
				PRODUCT_NAME = "$(TARGET_NAME)";
				SWIFT_EMIT_LOC_STRINGS = NO;
				SWIFT_VERSION = 5.0;
				TARGETED_DEVICE_FAMILY = "1,2";
				TEST_HOST = "$(BUILT_PRODUCTS_DIR)/Studioframe.app/Studioframe";
			};
			name = Debug;
		};
		5F1E5F5F2755992F00AD6B62 /* Release */ = {
			isa = XCBuildConfiguration;
			buildSettings = {
				ALWAYS_EMBED_SWIFT_STANDARD_LIBRARIES = YES;
				BUNDLE_LOADER = "$(TEST_HOST)";
				CODE_SIGN_STYLE = Automatic;
				CURRENT_PROJECT_VERSION = 1;
				DEVELOPMENT_TEAM = 578R27WKR9;
				GENERATE_INFOPLIST_FILE = YES;
				IPHONEOS_DEPLOYMENT_TARGET = 15.0;
				LD_RUNPATH_SEARCH_PATHS = (
					"$(inherited)",
					"@executable_path/Frameworks",
					"@loader_path/Frameworks",
				);
				MARKETING_VERSION = 1.0;
				PRODUCT_BUNDLE_IDENTIFIER = "Fabien-Dietrich.StudioframeTests";
				PRODUCT_NAME = "$(TARGET_NAME)";
				SWIFT_EMIT_LOC_STRINGS = NO;
				SWIFT_VERSION = 5.0;
				TARGETED_DEVICE_FAMILY = "1,2";
				TEST_HOST = "$(BUILT_PRODUCTS_DIR)/Studioframe.app/Studioframe";
			};
			name = Release;
		};
		5F1E5F612755992F00AD6B62 /* Debug */ = {
			isa = XCBuildConfiguration;
			buildSettings = {
				ALWAYS_EMBED_SWIFT_STANDARD_LIBRARIES = YES;
				CODE_SIGN_STYLE = Automatic;
				CURRENT_PROJECT_VERSION = 1;
				DEVELOPMENT_TEAM = 578R27WKR9;
				GENERATE_INFOPLIST_FILE = YES;
				LD_RUNPATH_SEARCH_PATHS = (
					"$(inherited)",
					"@executable_path/Frameworks",
					"@loader_path/Frameworks",
				);
				MARKETING_VERSION = 1.0;
				PRODUCT_BUNDLE_IDENTIFIER = "Fabien-Dietrich.StudioframeUITests";
				PRODUCT_NAME = "$(TARGET_NAME)";
				SWIFT_EMIT_LOC_STRINGS = NO;
				SWIFT_VERSION = 5.0;
				TARGETED_DEVICE_FAMILY = "1,2";
				TEST_TARGET_NAME = Studioframe;
			};
			name = Debug;
		};
		5F1E5F622755992F00AD6B62 /* Release */ = {
			isa = XCBuildConfiguration;
			buildSettings = {
				ALWAYS_EMBED_SWIFT_STANDARD_LIBRARIES = YES;
				CODE_SIGN_STYLE = Automatic;
				CURRENT_PROJECT_VERSION = 1;
				DEVELOPMENT_TEAM = 578R27WKR9;
				GENERATE_INFOPLIST_FILE = YES;
				LD_RUNPATH_SEARCH_PATHS = (
					"$(inherited)",
					"@executable_path/Frameworks",
					"@loader_path/Frameworks",
				);
				MARKETING_VERSION = 1.0;
				PRODUCT_BUNDLE_IDENTIFIER = "Fabien-Dietrich.StudioframeUITests";
				PRODUCT_NAME = "$(TARGET_NAME)";
				SWIFT_EMIT_LOC_STRINGS = NO;
				SWIFT_VERSION = 5.0;
				TARGETED_DEVICE_FAMILY = "1,2";
				TEST_TARGET_NAME = Studioframe;
			};
			name = Release;
		};
/* End XCBuildConfiguration section */

/* Begin XCConfigurationList section */
		5F1E5F2F2755992D00AD6B62 /* Build configuration list for PBXProject "Studioframe" */ = {
			isa = XCConfigurationList;
			buildConfigurations = (
				5F1E5F582755992F00AD6B62 /* Debug */,
				5F1E5F592755992F00AD6B62 /* Release */,
			);
			defaultConfigurationIsVisible = 0;
			defaultConfigurationName = Release;
		};
		5F1E5F5A2755992F00AD6B62 /* Build configuration list for PBXNativeTarget "Studioframe" */ = {
			isa = XCConfigurationList;
			buildConfigurations = (
				5F1E5F5B2755992F00AD6B62 /* Debug */,
				5F1E5F5C2755992F00AD6B62 /* Release */,
			);
			defaultConfigurationIsVisible = 0;
			defaultConfigurationName = Release;
		};
		5F1E5F5D2755992F00AD6B62 /* Build configuration list for PBXNativeTarget "StudioframeTests" */ = {
			isa = XCConfigurationList;
			buildConfigurations = (
				5F1E5F5E2755992F00AD6B62 /* Debug */,
				5F1E5F5F2755992F00AD6B62 /* Release */,
			);
			defaultConfigurationIsVisible = 0;
			defaultConfigurationName = Release;
		};
		5F1E5F602755992F00AD6B62 /* Build configuration list for PBXNativeTarget "StudioframeUITests" */ = {
			isa = XCConfigurationList;
			buildConfigurations = (
				5F1E5F612755992F00AD6B62 /* Debug */,
				5F1E5F622755992F00AD6B62 /* Release */,
			);
			defaultConfigurationIsVisible = 0;
			defaultConfigurationName = Release;
		};
/* End XCConfigurationList section */

/* Begin XCVersionGroup section */
		5FB3580F27745E5300CA03CF /* CoredataModel.xcdatamodeld */ = {
			isa = XCVersionGroup;
			children = (
				5FB3581027745E5300CA03CF /* CoredataModel.xcdatamodel */,
			);
			currentVersion = 5FB3581027745E5300CA03CF /* CoredataModel.xcdatamodel */;
			path = CoredataModel.xcdatamodeld;
			sourceTree = "<group>";
			versionGroupType = wrapper.xcdatamodel;
		};
/* End XCVersionGroup section */
	};
	rootObject = 5F1E5F2C2755992D00AD6B62 /* Project object */;
}
